
Microsoft Visual Studio Solution File, Format Version 12.00
# Visual Studio 15
Project("{FAE04EC0-301F-11D3-BF4B-00C04F79EFBC}") = "Assembly-CSharp", "Assembly-CSharp.csproj", "{045926D6-8A3C-0D79-1517-27C1B1460F9E}"
EndProject
Project("{FAE04EC0-301F-11D3-BF4B-00C04F79EFBC}") = "PhotonUnityNetworking.Utilities", "PhotonUnityNetworking.Utilities.csproj", "{7D661658-4737-71F6-3FD5-C825CA175D12}"
EndProject
Project("{FAE04EC0-301F-11D3-BF4B-00C04F79EFBC}") = "PhotonChat", "PhotonChat.csproj", "{5765C41D-1971-215F-2656-A827AFB65F19}"
EndProject
Project("{FAE04EC0-301F-11D3-BF4B-00C04F79EFBC}") = "PhotonUnityNetworking", "PhotonUnityNetworking.csproj", "{26D2AB00-11C2-AF02-854F-0F1A62FF0BAF}"
EndProject
Project("{FAE04EC0-301F-11D3-BF4B-00C04F79EFBC}") = "NavMeshComponents", "NavMeshComponents.csproj", "{697F2F31-E05B-BC66-FC11-40A31C6F41B6}"
EndProject
Project("{FAE04EC0-301F-11D3-BF4B-00C04F79EFBC}") = "Assembly-CSharp-firstpass", "Assembly-CSharp-firstpass.csproj", "{DC6BEBF8-A763-3561-AC05-A13CD64D1409}"
EndProject
Project("{FAE04EC0-301F-11D3-BF4B-00C04F79EFBC}") = "PhotonRealtime", "PhotonRealtime.csproj", "{62519067-69A0-C313-6FE5-2950322B0090}"
EndProject
Project("{FAE04EC0-301F-11D3-BF4B-00C04F79EFBC}") = "PhotonWebSocket", "PhotonWebSocket.csproj", "{46A73556-C192-91AC-F38D-F3D3418A62A4}"
EndProject
Project("{FAE04EC0-301F-11D3-BF4B-00C04F79EFBC}") = "Assembly-CSharp-Editor-firstpass", "Assembly-CSharp-Editor-firstpass.csproj", "{17268994-5A68-F0F5-DC4B-A66807F983C0}"
EndProject
Project("{FAE04EC0-301F-11D3-BF4B-00C04F79EFBC}") = "NavMeshComponentsEditor", "NavMeshComponentsEditor.csproj", "{15FEA691-DC4D-E7FF-EBB4-FABEBAE75A75}"
EndProject
Project("{FAE04EC0-301F-11D3-BF4B-00C04F79EFBC}") = "PhotonUnityNetworking.Editor", "PhotonUnityNetworking.Editor.csproj", "{DEBC7361-B1F1-FF9B-1431-90CB862BB94C}"
EndProject
Project("{FAE04EC0-301F-11D3-BF4B-00C04F79EFBC}") = "Assembly-CSharp-Editor", "Assembly-CSharp-Editor.csproj", "{C3D21E3D-68D1-9BA2-24B3-3C2F0EF38C2B}"
EndProject
Project("{FAE04EC0-301F-11D3-BF4B-00C04F79EFBC}") = "PhotonUnityNetworking.Utilities.PhotonPlayer.Editor", "PhotonUnityNetworking.Utilities.PhotonPlayer.Editor.csproj", "{A2420706-51F3-C875-2455-7F17CBD4C41D}"
EndProject
Project("{FAE04EC0-301F-11D3-BF4B-00C04F79EFBC}") = "PhotonUnityNetworking.Utilities.Culling.Editor", "PhotonUnityNetworking.Utilities.Culling.Editor.csproj", "{82205BDB-A9F4-FF9B-703A-43198C8D814C}"
EndProject
Global
	GlobalSection(SolutionConfigurationPlatforms) = preSolution
		Debug|Any CPU = Debug|Any CPU
		Release|Any CPU = Release|Any CPU
	EndGlobalSection
	GlobalSection(ProjectConfigurationPlatforms) = postSolution
		{045926D6-8A3C-0D79-1517-27C1B1460F9E}.Debug|Any CPU.ActiveCfg = Debug|Any CPU
		{045926D6-8A3C-0D79-1517-27C1B1460F9E}.Debug|Any CPU.Build.0 = Debug|Any CPU
		{045926D6-8A3C-0D79-1517-27C1B1460F9E}.Release|Any CPU.ActiveCfg = Release|Any CPU
		{045926D6-8A3C-0D79-1517-27C1B1460F9E}.Release|Any CPU.Build.0 = Release|Any CPU
		{7D661658-4737-71F6-3FD5-C825CA175D12}.Debug|Any CPU.ActiveCfg = Debug|Any CPU
		{7D661658-4737-71F6-3FD5-C825CA175D12}.Debug|Any CPU.Build.0 = Debug|Any CPU
		{7D661658-4737-71F6-3FD5-C825CA175D12}.Release|Any CPU.ActiveCfg = Release|Any CPU
		{7D661658-4737-71F6-3FD5-C825CA175D12}.Release|Any CPU.Build.0 = Release|Any CPU
		{5765C41D-1971-215F-2656-A827AFB65F19}.Debug|Any CPU.ActiveCfg = Debug|Any CPU
		{5765C41D-1971-215F-2656-A827AFB65F19}.Debug|Any CPU.Build.0 = Debug|Any CPU
		{5765C41D-1971-215F-2656-A827AFB65F19}.Release|Any CPU.ActiveCfg = Release|Any CPU
		{5765C41D-1971-215F-2656-A827AFB65F19}.Release|Any CPU.Build.0 = Release|Any CPU
		{26D2AB00-11C2-AF02-854F-0F1A62FF0BAF}.Debug|Any CPU.ActiveCfg = Debug|Any CPU
		{26D2AB00-11C2-AF02-854F-0F1A62FF0BAF}.Debug|Any CPU.Build.0 = Debug|Any CPU
		{26D2AB00-11C2-AF02-854F-0F1A62FF0BAF}.Release|Any CPU.ActiveCfg = Release|Any CPU
		{26D2AB00-11C2-AF02-854F-0F1A62FF0BAF}.Release|Any CPU.Build.0 = Release|Any CPU
		{697F2F31-E05B-BC66-FC11-40A31C6F41B6}.Debug|Any CPU.ActiveCfg = Debug|Any CPU
		{697F2F31-E05B-BC66-FC11-40A31C6F41B6}.Debug|Any CPU.Build.0 = Debug|Any CPU
		{697F2F31-E05B-BC66-FC11-40A31C6F41B6}.Release|Any CPU.ActiveCfg = Release|Any CPU
		{697F2F31-E05B-BC66-FC11-40A31C6F41B6}.Release|Any CPU.Build.0 = Release|Any CPU
		{DC6BEBF8-A763-3561-AC05-A13CD64D1409}.Debug|Any CPU.ActiveCfg = Debug|Any CPU
		{DC6BEBF8-A763-3561-AC05-A13CD64D1409}.Debug|Any CPU.Build.0 = Debug|Any CPU
		{DC6BEBF8-A763-3561-AC05-A13CD64D1409}.Release|Any CPU.ActiveCfg = Release|Any CPU
		{DC6BEBF8-A763-3561-AC05-A13CD64D1409}.Release|Any CPU.Build.0 = Release|Any CPU
		{62519067-69A0-C313-6FE5-2950322B0090}.Debug|Any CPU.ActiveCfg = Debug|Any CPU
		{62519067-69A0-C313-6FE5-2950322B0090}.Debug|Any CPU.Build.0 = Debug|Any CPU
		{62519067-69A0-C313-6FE5-2950322B0090}.Release|Any CPU.ActiveCfg = Release|Any CPU
		{62519067-69A0-C313-6FE5-2950322B0090}.Release|Any CPU.Build.0 = Release|Any CPU
		{46A73556-C192-91AC-F38D-F3D3418A62A4}.Debug|Any CPU.ActiveCfg = Debug|Any CPU
		{46A73556-C192-91AC-F38D-F3D3418A62A4}.Debug|Any CPU.Build.0 = Debug|Any CPU
		{46A73556-C192-91AC-F38D-F3D3418A62A4}.Release|Any CPU.ActiveCfg = Release|Any CPU
		{46A73556-C192-91AC-F38D-F3D3418A62A4}.Release|Any CPU.Build.0 = Release|Any CPU
		{17268994-5A68-F0F5-DC4B-A66807F983C0}.Debug|Any CPU.ActiveCfg = Debug|Any CPU
		{17268994-5A68-F0F5-DC4B-A66807F983C0}.Debug|Any CPU.Build.0 = Debug|Any CPU
		{17268994-5A68-F0F5-DC4B-A66807F983C0}.Release|Any CPU.ActiveCfg = Release|Any CPU
		{17268994-5A68-F0F5-DC4B-A66807F983C0}.Release|Any CPU.Build.0 = Release|Any CPU
		{15FEA691-DC4D-E7FF-EBB4-FABEBAE75A75}.Debug|Any CPU.ActiveCfg = Debug|Any CPU
		{15FEA691-DC4D-E7FF-EBB4-FABEBAE75A75}.Debug|Any CPU.Build.0 = Debug|Any CPU
		{15FEA691-DC4D-E7FF-EBB4-FABEBAE75A75}.Release|Any CPU.ActiveCfg = Release|Any CPU
		{15FEA691-DC4D-E7FF-EBB4-FABEBAE75A75}.Release|Any CPU.Build.0 = Release|Any CPU
		{DEBC7361-B1F1-FF9B-1431-90CB862BB94C}.Debug|Any CPU.ActiveCfg = Debug|Any CPU
		{DEBC7361-B1F1-FF9B-1431-90CB862BB94C}.Debug|Any CPU.Build.0 = Debug|Any CPU
		{DEBC7361-B1F1-FF9B-1431-90CB862BB94C}.Release|Any CPU.ActiveCfg = Release|Any CPU
		{DEBC7361-B1F1-FF9B-1431-90CB862BB94C}.Release|Any CPU.Build.0 = Release|Any CPU
		{C3D21E3D-68D1-9BA2-24B3-3C2F0EF38C2B}.Debug|Any CPU.ActiveCfg = Debug|Any CPU
		{C3D21E3D-68D1-9BA2-24B3-3C2F0EF38C2B}.Debug|Any CPU.Build.0 = Debug|Any CPU
		{C3D21E3D-68D1-9BA2-24B3-3C2F0EF38C2B}.Release|Any CPU.ActiveCfg = Release|Any CPU
		{C3D21E3D-68D1-9BA2-24B3-3C2F0EF38C2B}.Release|Any CPU.Build.0 = Release|Any CPU
		{A2420706-51F3-C875-2455-7F17CBD4C41D}.Debug|Any CPU.ActiveCfg = Debug|Any CPU
		{A2420706-51F3-C875-2455-7F17CBD4C41D}.Debug|Any CPU.Build.0 = Debug|Any CPU
		{A2420706-51F3-C875-2455-7F17CBD4C41D}.Release|Any CPU.ActiveCfg = Release|Any CPU
		{A2420706-51F3-C875-2455-7F17CBD4C41D}.Release|Any CPU.Build.0 = Release|Any CPU
		{82205BDB-A9F4-FF9B-703A-43198C8D814C}.Debug|Any CPU.ActiveCfg = Debug|Any CPU
		{82205BDB-A9F4-FF9B-703A-43198C8D814C}.Debug|Any CPU.Build.0 = Debug|Any CPU
		{82205BDB-A9F4-FF9B-703A-43198C8D814C}.Release|Any CPU.ActiveCfg = Release|Any CPU
		{82205BDB-A9F4-FF9B-703A-43198C8D814C}.Release|Any CPU.Build.0 = Release|Any CPU
	EndGlobalSection
	GlobalSection(SolutionProperties) = preSolution
		HideSolutionNode = FALSE
	EndGlobalSection
EndGlobal
